// !$*UTF8*$!
{
	archiveVersion = 1;
	classes = {
	};
	objectVersion = 51;
	objects = {

/* Begin PBXBuildFile section */
		216E6AB926D1AF830087D98B /* GoogleService-Info.plist in Resources */ = {isa = PBXBuildFile; fileRef = 216E6AB826D1AF830087D98B /* GoogleService-Info.plist */; };
		219B82B926C22A0F0069D674 /* AppDelegate.swift in Sources */ = {isa = PBXBuildFile; fileRef = 219B82B826C22A0F0069D674 /* AppDelegate.swift */; };
		219B82BB26C22A0F0069D674 /* SceneDelegate.swift in Sources */ = {isa = PBXBuildFile; fileRef = 219B82BA26C22A0F0069D674 /* SceneDelegate.swift */; };
		219B82BD26C22A0F0069D674 /* ViewController.swift in Sources */ = {isa = PBXBuildFile; fileRef = 219B82BC26C22A0F0069D674 /* ViewController.swift */; };
		219B82C026C22A0F0069D674 /* Main.storyboard in Resources */ = {isa = PBXBuildFile; fileRef = 219B82BE26C22A0F0069D674 /* Main.storyboard */; };
		219B82C226C22A120069D674 /* Assets.xcassets in Resources */ = {isa = PBXBuildFile; fileRef = 219B82C126C22A120069D674 /* Assets.xcassets */; };
		219B82C526C22A120069D674 /* LaunchScreen.storyboard in Resources */ = {isa = PBXBuildFile; fileRef = 219B82C326C22A120069D674 /* LaunchScreen.storyboard */; };
		21AAA4E127081D3300DE623A /* MainTabController.swift in Sources */ = {isa = PBXBuildFile; fileRef = 21AAA4E027081D3300DE623A /* MainTabController.swift */; };
		21AAA4E327081E8E00DE623A /* FeedController.swift in Sources */ = {isa = PBXBuildFile; fileRef = 21AAA4E227081E8E00DE623A /* FeedController.swift */; };
		21AAA4E527081E9900DE623A /* SearchController.swift in Sources */ = {isa = PBXBuildFile; fileRef = 21AAA4E427081E9900DE623A /* SearchController.swift */; };
		21AAA4E927081EC300DE623A /* ImageSelectorController.swift in Sources */ = {isa = PBXBuildFile; fileRef = 21AAA4E827081EC300DE623A /* ImageSelectorController.swift */; };
		21AAA4EB27081ED300DE623A /* README.md in Resources */ = {isa = PBXBuildFile; fileRef = 21AAA4EA27081ED300DE623A /* README.md */; };
		21AAA4ED27081EF900DE623A /* NotificationsController.swift in Sources */ = {isa = PBXBuildFile; fileRef = 21AAA4EC27081EF900DE623A /* NotificationsController.swift */; };
		21AAA4EF27081F0E00DE623A /* ProfileController.swift in Sources */ = {isa = PBXBuildFile; fileRef = 21AAA4EE27081F0E00DE623A /* ProfileController.swift */; };
		31E321E3AD62D517F003A3CD /* Pods_InstaMeApp.framework in Frameworks */ = {isa = PBXBuildFile; fileRef = D085E23D3E5F0A98402EC03A /* Pods_InstaMeApp.framework */; };
/* End PBXBuildFile section */

/* Begin PBXFileReference section */
		216E6AB826D1AF830087D98B /* GoogleService-Info.plist */ = {isa = PBXFileReference; lastKnownFileType = text.plist; path = "GoogleService-Info.plist"; sourceTree = SOURCE_ROOT; };
		219B82B526C22A0F0069D674 /* InstaMeApp.app */ = {isa = PBXFileReference; explicitFileType = wrapper.application; includeInIndex = 0; path = InstaMeApp.app; sourceTree = BUILT_PRODUCTS_DIR; };
		219B82B826C22A0F0069D674 /* AppDelegate.swift */ = {isa = PBXFileReference; lastKnownFileType = sourcecode.swift; path = AppDelegate.swift; sourceTree = "<group>"; };
		219B82BA26C22A0F0069D674 /* SceneDelegate.swift */ = {isa = PBXFileReference; lastKnownFileType = sourcecode.swift; path = SceneDelegate.swift; sourceTree = "<group>"; };
		219B82BC26C22A0F0069D674 /* ViewController.swift */ = {isa = PBXFileReference; lastKnownFileType = sourcecode.swift; path = ViewController.swift; sourceTree = "<group>"; };
		219B82BF26C22A0F0069D674 /* Base */ = {isa = PBXFileReference; lastKnownFileType = file.storyboard; name = Base; path = Base.lproj/Main.storyboard; sourceTree = "<group>"; };
		219B82C126C22A120069D674 /* Assets.xcassets */ = {isa = PBXFileReference; lastKnownFileType = folder.assetcatalog; path = Assets.xcassets; sourceTree = "<group>"; };
		219B82C426C22A120069D674 /* Base */ = {isa = PBXFileReference; lastKnownFileType = file.storyboard; name = Base; path = Base.lproj/LaunchScreen.storyboard; sourceTree = "<group>"; };
		219B82C626C22A120069D674 /* Info.plist */ = {isa = PBXFileReference; lastKnownFileType = text.plist.xml; path = Info.plist; sourceTree = "<group>"; };
		21AAA4E027081D3300DE623A /* MainTabController.swift */ = {isa = PBXFileReference; lastKnownFileType = sourcecode.swift; path = MainTabController.swift; sourceTree = "<group>"; };
		21AAA4E227081E8E00DE623A /* FeedController.swift */ = {isa = PBXFileReference; lastKnownFileType = sourcecode.swift; path = FeedController.swift; sourceTree = "<group>"; };
		21AAA4E427081E9900DE623A /* SearchController.swift */ = {isa = PBXFileReference; lastKnownFileType = sourcecode.swift; path = SearchController.swift; sourceTree = "<group>"; };
		21AAA4E827081EC300DE623A /* ImageSelectorController.swift */ = {isa = PBXFileReference; lastKnownFileType = sourcecode.swift; path = ImageSelectorController.swift; sourceTree = "<group>"; };
		21AAA4EA27081ED300DE623A /* README.md */ = {isa = PBXFileReference; lastKnownFileType = net.daringfireball.markdown; path = README.md; sourceTree = "<group>"; };
		21AAA4EC27081EF900DE623A /* NotificationsController.swift */ = {isa = PBXFileReference; lastKnownFileType = sourcecode.swift; path = NotificationsController.swift; sourceTree = "<group>"; };
		21AAA4EE27081F0E00DE623A /* ProfileController.swift */ = {isa = PBXFileReference; lastKnownFileType = sourcecode.swift; path = ProfileController.swift; sourceTree = "<group>"; };
		C6A3FCFA1C77A2D5CA7A608B /* Pods-InstaMeApp.debug.xcconfig */ = {isa = PBXFileReference; includeInIndex = 1; lastKnownFileType = text.xcconfig; name = "Pods-InstaMeApp.debug.xcconfig"; path = "Target Support Files/Pods-InstaMeApp/Pods-InstaMeApp.debug.xcconfig"; sourceTree = "<group>"; };
		D085E23D3E5F0A98402EC03A /* Pods_InstaMeApp.framework */ = {isa = PBXFileReference; explicitFileType = wrapper.framework; includeInIndex = 0; path = Pods_InstaMeApp.framework; sourceTree = BUILT_PRODUCTS_DIR; };
		D2ACB2CC0766E0E09A9E6FC1 /* Pods-InstaMeApp.release.xcconfig */ = {isa = PBXFileReference; includeInIndex = 1; lastKnownFileType = text.xcconfig; name = "Pods-InstaMeApp.release.xcconfig"; path = "Target Support Files/Pods-InstaMeApp/Pods-InstaMeApp.release.xcconfig"; sourceTree = "<group>"; };
/* End PBXFileReference section */

/* Begin PBXFrameworksBuildPhase section */
		219B82B226C22A0F0069D674 /* Frameworks */ = {
			isa = PBXFrameworksBuildPhase;
			buildActionMask = 2147483647;
			files = (
				31E321E3AD62D517F003A3CD /* Pods_InstaMeApp.framework in Frameworks */,
			);
			runOnlyForDeploymentPostprocessing = 0;
		};
/* End PBXFrameworksBuildPhase section */

/* Begin PBXGroup section */
		0BC826DBA71A52159BDCE386 /* Pods */ = {
			isa = PBXGroup;
			children = (
				C6A3FCFA1C77A2D5CA7A608B /* Pods-InstaMeApp.debug.xcconfig */,
				D2ACB2CC0766E0E09A9E6FC1 /* Pods-InstaMeApp.release.xcconfig */,
			);
			path = Pods;
			sourceTree = "<group>";
		};
		219B82AC26C22A0F0069D674 = {
			isa = PBXGroup;
			children = (
				21AAA4EA27081ED300DE623A /* README.md */,
				219B82B726C22A0F0069D674 /* InstaMeApp */,
				219B82B626C22A0F0069D674 /* Products */,
				0BC826DBA71A52159BDCE386 /* Pods */,
				94B444E85ECA607DCA30A0E5 /* Frameworks */,
			);
			sourceTree = "<group>";
		};
		219B82B626C22A0F0069D674 /* Products */ = {
			isa = PBXGroup;
			children = (
				219B82B526C22A0F0069D674 /* InstaMeApp.app */,
			);
			name = Products;
			sourceTree = "<group>";
		};
		219B82B726C22A0F0069D674 /* InstaMeApp */ = {
			isa = PBXGroup;
			children = (
				219B82D126C22B390069D674 /* Utils */,
				219B82D026C22B320069D674 /* API */,
				219B82CF26C22B290069D674 /* Controller */,
				219B82CE26C22B1F0069D674 /* ViewModel */,
				219B82CD26C22B1A0069D674 /* View */,
				219B82CC26C22ADE0069D674 /* Model */,
				219B82B826C22A0F0069D674 /* AppDelegate.swift */,
				219B82BA26C22A0F0069D674 /* SceneDelegate.swift */,
				219B82BC26C22A0F0069D674 /* ViewController.swift */,
				219B82BE26C22A0F0069D674 /* Main.storyboard */,
				219B82C126C22A120069D674 /* Assets.xcassets */,
				219B82C326C22A120069D674 /* LaunchScreen.storyboard */,
				219B82C626C22A120069D674 /* Info.plist */,
				216E6AB826D1AF830087D98B /* GoogleService-Info.plist */,
			);
			path = InstaMeApp;
			sourceTree = "<group>";
		};
		219B82CC26C22ADE0069D674 /* Model */ = {
			isa = PBXGroup;
			children = (
			);
			path = Model;
			sourceTree = "<group>";
		};
		219B82CD26C22B1A0069D674 /* View */ = {
			isa = PBXGroup;
			children = (
			);
			path = View;
			sourceTree = "<group>";
		};
		219B82CE26C22B1F0069D674 /* ViewModel */ = {
			isa = PBXGroup;
			children = (
			);
			path = ViewModel;
			sourceTree = "<group>";
		};
		219B82CF26C22B290069D674 /* Controller */ = {
			isa = PBXGroup;
			children = (
				219B82E226C38BA40069D674 /* Authentication */,
				21AAA4E027081D3300DE623A /* MainTabController.swift */,
				21AAA4E227081E8E00DE623A /* FeedController.swift */,
				21AAA4E427081E9900DE623A /* SearchController.swift */,
				21AAA4E827081EC300DE623A /* ImageSelectorController.swift */,
				21AAA4EC27081EF900DE623A /* NotificationsController.swift */,
				21AAA4EE27081F0E00DE623A /* ProfileController.swift */,
			);
			path = Controller;
			sourceTree = "<group>";
		};
		219B82D026C22B320069D674 /* API */ = {
			isa = PBXGroup;
			children = (
			);
			path = API;
			sourceTree = "<group>";
		};
		219B82D126C22B390069D674 /* Utils */ = {
			isa = PBXGroup;
			children = (
			);
			path = Utils;
			sourceTree = "<group>";
		};
		219B82E226C38BA40069D674 /* Authentication */ = {
			isa = PBXGroup;
			children = (
			);
			path = Authentication;
			sourceTree = "<group>";
		};
		94B444E85ECA607DCA30A0E5 /* Frameworks */ = {
			isa = PBXGroup;
			children = (
				D085E23D3E5F0A98402EC03A /* Pods_InstaMeApp.framework */,
			);
			name = Frameworks;
			sourceTree = "<group>";
		};
/* End PBXGroup section */

/* Begin PBXNativeTarget section */
		219B82B426C22A0F0069D674 /* InstaMeApp */ = {
			isa = PBXNativeTarget;
			buildConfigurationList = 219B82C926C22A120069D674 /* Build configuration list for PBXNativeTarget "InstaMeApp" */;
			buildPhases = (
				ECB0AD7FFC43B8AF710FB135 /* [CP] Check Pods Manifest.lock */,
				219B82B126C22A0F0069D674 /* Sources */,
				219B82B226C22A0F0069D674 /* Frameworks */,
				219B82B326C22A0F0069D674 /* Resources */,
				AD05E8256DF20165F301AC58 /* [CP] Embed Pods Frameworks */,
			);
			buildRules = (
			);
			dependencies = (
			);
			name = InstaMeApp;
			productName = InstaMeApp;
			productReference = 219B82B526C22A0F0069D674 /* InstaMeApp.app */;
			productType = "com.apple.product-type.application";
		};
/* End PBXNativeTarget section */

/* Begin PBXProject section */
		219B82AD26C22A0F0069D674 /* Project object */ = {
			isa = PBXProject;
			attributes = {
				LastSwiftUpdateCheck = 1250;
				LastUpgradeCheck = 1250;
				TargetAttributes = {
					219B82B426C22A0F0069D674 = {
						CreatedOnToolsVersion = 12.5;
					};
				};
			};
			buildConfigurationList = 219B82B026C22A0F0069D674 /* Build configuration list for PBXProject "InstaMeApp" */;
			compatibilityVersion = "Xcode 9.3";
			developmentRegion = en;
			hasScannedForEncodings = 0;
			knownRegions = (
				en,
				Base,
			);
			mainGroup = 219B82AC26C22A0F0069D674;
			productRefGroup = 219B82B626C22A0F0069D674 /* Products */;
			projectDirPath = "";
			projectRoot = "";
			targets = (
				219B82B426C22A0F0069D674 /* InstaMeApp */,
			);
		};
/* End PBXProject section */

/* Begin PBXResourcesBuildPhase section */
		219B82B326C22A0F0069D674 /* Resources */ = {
			isa = PBXResourcesBuildPhase;
			buildActionMask = 2147483647;
			files = (
				219B82C526C22A120069D674 /* LaunchScreen.storyboard in Resources */,
				216E6AB926D1AF830087D98B /* GoogleService-Info.plist in Resources */,
				21AAA4EB27081ED300DE623A /* README.md in Resources */,
				219B82C226C22A120069D674 /* Assets.xcassets in Resources */,
				219B82C026C22A0F0069D674 /* Main.storyboard in Resources */,
			);
			runOnlyForDeploymentPostprocessing = 0;
		};
/* End PBXResourcesBuildPhase section */

/* Begin PBXShellScriptBuildPhase section */
		AD05E8256DF20165F301AC58 /* [CP] Embed Pods Frameworks */ = {
			isa = PBXShellScriptBuildPhase;
			buildActionMask = 2147483647;
			files = (
			);
			inputFileListPaths = (
				"${PODS_ROOT}/Target Support Files/Pods-InstaMeApp/Pods-InstaMeApp-frameworks-${CONFIGURATION}-input-files.xcfilelist",
			);
			name = "[CP] Embed Pods Frameworks";
			outputFileListPaths = (
				"${PODS_ROOT}/Target Support Files/Pods-InstaMeApp/Pods-InstaMeApp-frameworks-${CONFIGURATION}-output-files.xcfilelist",
			);
			runOnlyForDeploymentPostprocessing = 0;
			shellPath = /bin/sh;
			shellScript = "\"${PODS_ROOT}/Target Support Files/Pods-InstaMeApp/Pods-InstaMeApp-frameworks.sh\"\n";
			showEnvVarsInLog = 0;
		};
		ECB0AD7FFC43B8AF710FB135 /* [CP] Check Pods Manifest.lock */ = {
			isa = PBXShellScriptBuildPhase;
			buildActionMask = 2147483647;
			files = (
			);
			inputFileListPaths = (
			);
			inputPaths = (
				"${PODS_PODFILE_DIR_PATH}/Podfile.lock",
				"${PODS_ROOT}/Manifest.lock",
			);
			name = "[CP] Check Pods Manifest.lock";
			outputFileListPaths = (
			);
			outputPaths = (
				"$(DERIVED_FILE_DIR)/Pods-InstaMeApp-checkManifestLockResult.txt",
			);
			runOnlyForDeploymentPostprocessing = 0;
			shellPath = /bin/sh;
			shellScript = "diff \"${PODS_PODFILE_DIR_PATH}/Podfile.lock\" \"${PODS_ROOT}/Manifest.lock\" > /dev/null\nif [ $? != 0 ] ; then\n    # print error to STDERR\n    echo \"error: The sandbox is not in sync with the Podfile.lock. Run 'pod install' or update your CocoaPods installation.\" >&2\n    exit 1\nfi\n# This output is used by Xcode 'outputs' to avoid re-running this script phase.\necho \"SUCCESS\" > \"${SCRIPT_OUTPUT_FILE_0}\"\n";
			showEnvVarsInLog = 0;
		};
/* End PBXShellScriptBuildPhase section */

/* Begin PBXSourcesBuildPhase section */
		219B82B126C22A0F0069D674 /* Sources */ = {
			isa = PBXSourcesBuildPhase;
			buildActionMask = 2147483647;
			files = (
				219B82BD26C22A0F0069D674 /* ViewController.swift in Sources */,
				21AAA4E927081EC300DE623A /* ImageSelectorController.swift in Sources */,
				21AAA4ED27081EF900DE623A /* NotificationsController.swift in Sources */,
				21AAA4E527081E9900DE623A /* SearchController.swift in Sources */,
				219B82B926C22A0F0069D674 /* AppDelegate.swift in Sources */,
				21AAA4EF27081F0E00DE623A /* ProfileController.swift in Sources */,
				21AAA4E327081E8E00DE623A /* FeedController.swift in Sources */,
				21AAA4E127081D3300DE623A /* MainTabController.swift in Sources */,
				219B82BB26C22A0F0069D674 /* SceneDelegate.swift in Sources */,
			);
			runOnlyForDeploymentPostprocessing = 0;
		};
/* End PBXSourcesBuildPhase section */

/* Begin PBXVariantGroup section */
		219B82BE26C22A0F0069D674 /* Main.storyboard */ = {
			isa = PBXVariantGroup;
			children = (
				219B82BF26C22A0F0069D674 /* Base */,
			);
			name = Main.storyboard;
			sourceTree = "<group>";
		};
		219B82C326C22A120069D674 /* LaunchScreen.storyboard */ = {
			isa = PBXVariantGroup;
			children = (
				219B82C426C22A120069D674 /* Base */,
			);
			name = LaunchScreen.storyboard;
			sourceTree = "<group>";
		};
/* End PBXVariantGroup section */

/* Begin XCBuildConfiguration section */
		219B82C726C22A120069D674 /* Debug */ = {
			isa = XCBuildConfiguration;
			buildSettings = {
				ALWAYS_SEARCH_USER_PATHS = NO;
				CLANG_ANALYZER_NONNULL = YES;
				CLANG_ANALYZER_NUMBER_OBJECT_CONVERSION = YES_AGGRESSIVE;
				CLANG_CXX_LANGUAGE_STANDARD = "gnu++14";
				CLANG_CXX_LIBRARY = "libc++";
				CLANG_ENABLE_MODULES = YES;
				CLANG_ENABLE_OBJC_ARC = YES;
				CLANG_ENABLE_OBJC_WEAK = YES;
				CLANG_WARN_BLOCK_CAPTURE_AUTORELEASING = YES;
				CLANG_WARN_BOOL_CONVERSION = YES;
				CLANG_WARN_COMMA = YES;
				CLANG_WARN_CONSTANT_CONVERSION = YES;
				CLANG_WARN_DEPRECATED_OBJC_IMPLEMENTATIONS = YES;
				CLANG_WARN_DIRECT_OBJC_ISA_USAGE = YES_ERROR;
				CLANG_WARN_DOCUMENTATION_COMMENTS = YES;
				CLANG_WARN_EMPTY_BODY = YES;
				CLANG_WARN_ENUM_CONVERSION = YES;
				CLANG_WARN_INFINITE_RECURSION = YES;
				CLANG_WARN_INT_CONVERSION = YES;
				CLANG_WARN_NON_LITERAL_NULL_CONVERSION = YES;
				CLANG_WARN_OBJC_IMPLICIT_RETAIN_SELF = YES;
				CLANG_WARN_OBJC_LITERAL_CONVERSION = YES;
				CLANG_WARN_OBJC_ROOT_CLASS = YES_ERROR;
				CLANG_WARN_QUOTED_INCLUDE_IN_FRAMEWORK_HEADER = YES;
				CLANG_WARN_RANGE_LOOP_ANALYSIS = YES;
				CLANG_WARN_STRICT_PROTOTYPES = YES;
				CLANG_WARN_SUSPICIOUS_MOVE = YES;
				CLANG_WARN_UNGUARDED_AVAILABILITY = YES_AGGRESSIVE;
				CLANG_WARN_UNREACHABLE_CODE = YES;
				CLANG_WARN__DUPLICATE_METHOD_MATCH = YES;
				COPY_PHASE_STRIP = NO;
				DEBUG_INFORMATION_FORMAT = dwarf;
				ENABLE_STRICT_OBJC_MSGSEND = YES;
				ENABLE_TESTABILITY = YES;
				GCC_C_LANGUAGE_STANDARD = gnu11;
				GCC_DYNAMIC_NO_PIC = NO;
				GCC_NO_COMMON_BLOCKS = YES;
				GCC_OPTIMIZATION_LEVEL = 0;
				GCC_PREPROCESSOR_DEFINITIONS = (
					"DEBUG=1",
					"$(inherited)",
				);
				GCC_WARN_64_TO_32_BIT_CONVERSION = YES;
				GCC_WARN_ABOUT_RETURN_TYPE = YES_ERROR;
				GCC_WARN_UNDECLARED_SELECTOR = YES;
				GCC_WARN_UNINITIALIZED_AUTOS = YES_AGGRESSIVE;
				GCC_WARN_UNUSED_FUNCTION = YES;
				GCC_WARN_UNUSED_VARIABLE = YES;
				IPHONEOS_DEPLOYMENT_TARGET = 14.5;
				MTL_ENABLE_DEBUG_INFO = INCLUDE_SOURCE;
				MTL_FAST_MATH = YES;
				ONLY_ACTIVE_ARCH = YES;
				SDKROOT = iphoneos;
				SWIFT_ACTIVE_COMPILATION_CONDITIONS = DEBUG;
				SWIFT_OPTIMIZATION_LEVEL = "-Onone";
			};
			name = Debug;
		};
		219B82C826C22A120069D674 /* Release */ = {
			isa = XCBuildConfiguration;
			buildSettings = {
				ALWAYS_SEARCH_USER_PATHS = NO;
				CLANG_ANALYZER_NONNULL = YES;
				CLANG_ANALYZER_NUMBER_OBJECT_CONVERSION = YES_AGGRESSIVE;
				CLANG_CXX_LANGUAGE_STANDARD = "gnu++14";
				CLANG_CXX_LIBRARY = "libc++";
				CLANG_ENABLE_MODULES = YES;
				CLANG_ENABLE_OBJC_ARC = YES;
				CLANG_ENABLE_OBJC_WEAK = YES;
				CLANG_WARN_BLOCK_CAPTURE_AUTORELEASING = YES;
				CLANG_WARN_BOOL_CONVERSION = YES;
				CLANG_WARN_COMMA = YES;
				CLANG_WARN_CONSTANT_CONVERSION = YES;
				CLANG_WARN_DEPRECATED_OBJC_IMPLEMENTATIONS = YES;
				CLANG_WARN_DIRECT_OBJC_ISA_USAGE = YES_ERROR;
				CLANG_WARN_DOCUMENTATION_COMMENTS = YES;
				CLANG_WARN_EMPTY_BODY = YES;
				CLANG_WARN_ENUM_CONVERSION = YES;
				CLANG_WARN_INFINITE_RECURSION = YES;
				CLANG_WARN_INT_CONVERSION = YES;
				CLANG_WARN_NON_LITERAL_NULL_CONVERSION = YES;
				CLANG_WARN_OBJC_IMPLICIT_RETAIN_SELF = YES;
				CLANG_WARN_OBJC_LITERAL_CONVERSION = YES;
				CLANG_WARN_OBJC_ROOT_CLASS = YES_ERROR;
				CLANG_WARN_QUOTED_INCLUDE_IN_FRAMEWORK_HEADER = YES;
				CLANG_WARN_RANGE_LOOP_ANALYSIS = YES;
				CLANG_WARN_STRICT_PROTOTYPES = YES;
				CLANG_WARN_SUSPICIOUS_MOVE = YES;
				CLANG_WARN_UNGUARDED_AVAILABILITY = YES_AGGRESSIVE;
				CLANG_WARN_UNREACHABLE_CODE = YES;
				CLANG_WARN__DUPLICATE_METHOD_MATCH = YES;
				COPY_PHASE_STRIP = NO;
				DEBUG_INFORMATION_FORMAT = "dwarf-with-dsym";
				ENABLE_NS_ASSERTIONS = NO;
				ENABLE_STRICT_OBJC_MSGSEND = YES;
				GCC_C_LANGUAGE_STANDARD = gnu11;
				GCC_NO_COMMON_BLOCKS = YES;
				GCC_WARN_64_TO_32_BIT_CONVERSION = YES;
				GCC_WARN_ABOUT_RETURN_TYPE = YES_ERROR;
				GCC_WARN_UNDECLARED_SELECTOR = YES;
				GCC_WARN_UNINITIALIZED_AUTOS = YES_AGGRESSIVE;
				GCC_WARN_UNUSED_FUNCTION = YES;
				GCC_WARN_UNUSED_VARIABLE = YES;
				IPHONEOS_DEPLOYMENT_TARGET = 14.5;
				MTL_ENABLE_DEBUG_INFO = NO;
				MTL_FAST_MATH = YES;
				SDKROOT = iphoneos;
				SWIFT_COMPILATION_MODE = wholemodule;
				SWIFT_OPTIMIZATION_LEVEL = "-O";
				VALIDATE_PRODUCT = YES;
			};
			name = Release;
		};
		219B82CA26C22A120069D674 /* Debug */ = {
			isa = XCBuildConfiguration;
			baseConfigurationReference = C6A3FCFA1C77A2D5CA7A608B /* Pods-InstaMeApp.debug.xcconfig */;
			buildSettings = {
				ASSETCATALOG_COMPILER_APPICON_NAME = AppIcon;
				ASSETCATALOG_COMPILER_GLOBAL_ACCENT_COLOR_NAME = AccentColor;
				CODE_SIGN_STYLE = Automatic;
				DEVELOPMENT_TEAM = QLJ84Q3ZSY;
				INFOPLIST_FILE = InstaMeApp/Info.plist;
				LD_RUNPATH_SEARCH_PATHS = (
					"$(inherited)",
					"@executable_path/Frameworks",
				);
				PRODUCT_BUNDLE_IDENTIFIER = com.aveldanov.InstaMeApp;
				PRODUCT_NAME = "$(TARGET_NAME)";
				SWIFT_VERSION = 5.0;
				TARGETED_DEVICE_FAMILY = "1,2";
			};
			name = Debug;
		};
		219B82CB26C22A120069D674 /* Release */ = {
			isa = XCBuildConfiguration;
			baseConfigurationReference = D2ACB2CC0766E0E09A9E6FC1 /* Pods-InstaMeApp.release.xcconfig */;
			buildSettings = {
				ASSETCATALOG_COMPILER_APPICON_NAME = AppIcon;
				ASSETCATALOG_COMPILER_GLOBAL_ACCENT_COLOR_NAME = AccentColor;
				CODE_SIGN_STYLE = Automatic;
				DEVELOPMENT_TEAM = QLJ84Q3ZSY;
				INFOPLIST_FILE = InstaMeApp/Info.plist;
				LD_RUNPATH_SEARCH_PATHS = (
					"$(inherited)",
					"@executable_path/Frameworks",
				);
				PRODUCT_BUNDLE_IDENTIFIER = com.aveldanov.InstaMeApp;
				PRODUCT_NAME = "$(TARGET_NAME)";
				SWIFT_VERSION = 5.0;
				TARGETED_DEVICE_FAMILY = "1,2";
			};
			name = Release;
		};
/* End XCBuildConfiguration section */

/* Begin XCConfigurationList section */
		219B82B026C22A0F0069D674 /* Build configuration list for PBXProject "InstaMeApp" */ = {
			isa = XCConfigurationList;
			buildConfigurations = (
				219B82C726C22A120069D674 /* Debug */,
				219B82C826C22A120069D674 /* Release */,
			);
			defaultConfigurationIsVisible = 0;
			defaultConfigurationName = Release;
		};
		219B82C926C22A120069D674 /* Build configuration list for PBXNativeTarget "InstaMeApp" */ = {
			isa = XCConfigurationList;
			buildConfigurations = (
				219B82CA26C22A120069D674 /* Debug */,
				219B82CB26C22A120069D674 /* Release */,
			);
			defaultConfigurationIsVisible = 0;
			defaultConfigurationName = Release;
		};
/* End XCConfigurationList section */
	};
	rootObject = 219B82AD26C22A0F0069D674 /* Project object */;
}
